
Microsoft Visual Studio Solution File, Format Version 12.00
# Visual Studio Version 17
VisualStudioVersion = 17.0.31903.59
MinimumVisualStudioVersion = 10.0.40219.1
Project("{9A19103F-16F7-4668-BE54-9A1E7A4F7556}") = "CoffeeStore", "CoffeeStore\CoffeeStore.csproj", "{8C7314AB-E0C5-4E00-95C1-495A461F8A4F}"
EndProject
Global
	GlobalSection(SolutionConfigurationPlatforms) = preSolution
		Debug|Any CPU = Debug|Any CPU
		Release|Any CPU = Release|Any CPU
	EndGlobalSection
	GlobalSection(ProjectConfigurationPlatforms) = postSolution
		{8C7314AB-E0C5-4E00-95C1-495A461F8A4F}.Debug|Any CPU.ActiveCfg = Debug|Any CPU
		{8C7314AB-E0C5-4E00-95C1-495A461F8A4F}.Debug|Any CPU.Build.0 = Debug|Any CPU
		{8C7314AB-E0C5-4E00-95C1-495A461F8A4F}.Release|Any CPU.ActiveCfg = Release|Any CPU
		{8C7314AB-E0C5-4E00-95C1-495A461F8A4F}.Release|Any CPU.Build.0 = Release|Any CPU
	EndGlobalSection
	GlobalSection(SolutionProperties) = preSolution
		HideSolutionNode = FALSE
	EndGlobalSection
	GlobalSection(ExtensibilityGlobals) = postSolution
		SolutionGuid = {BA6037E1-5CF3-4B02-B4AD-49FE52E1A0B1}
	EndGlobalSection
EndGlobal
